{
  "name": "vite-plugin",
  "version": "1.0.0",
  "lockfileVersion": 1,
  "requires": true,
  "dependencies": {
    "@polka/url": {
      "version": "1.0.0-next.21",
      "resolved": "https://registry.npmjs.org/@polka/url/-/url-1.0.0-next.21.tgz",
      "integrity": "sha512-a5Sab1C4/icpTZVzZc5Ghpz88yQtGOyNqYXcZgOssB2uuAr+wF/MvN6bgtW32q7HHrvBki+BsZ0OuNv6EV3K9g==",
      "dev": true
    },
    "@rollup/pluginutils": {
      "version": "4.2.1",
      "resolved": "https://registry.npmjs.org/@rollup/pluginutils/-/pluginutils-4.2.1.tgz",
      "integrity": "sha512-iKnFXr7NkdZAIHiIWE+BX5ULi/ucVFYWD6TbAV+rZctiRTY2PL6tsIKhoIOaoskiWAkgu+VsbXgUVDNLHf+InQ==",
      "dev": true,
      "requires": {
        "estree-walker": "^2.0.1",
        "picomatch": "^2.2.2"
      }
    },
    "cross-env": {
      "version": "7.0.3",
      "resolved": "https://registry.npmjs.org/cross-env/-/cross-env-7.0.3.tgz",
      "integrity": "sha512-+/HKd6EgcQCJGh2PSjZuUitQBQynKor4wrFbRg4DtAgS1aWO+gU52xpH7M9ScGgXSYmAVS9bIJ8EzuaGw0oNAw==",
      "requires": {
        "cross-spawn": "^7.0.1"
      }
    },
    "cross-spawn": {
      "version": "7.0.3",
      "resolved": "https://registry.npmjs.org/cross-spawn/-/cross-spawn-7.0.3.tgz",
      "integrity": "sha512-iRDPJKUPVEND7dHPO8rkbOnPpyDygcDFtWjpeWNCgy8WP2rXcxXL8TskReQl6OrB2G7+UJrags1q15Fudc7G6w==",
      "requires": {
        "path-key": "^3.1.0",
        "shebang-command": "^2.0.0",
        "which": "^2.0.1"
      }
    },
    "debug": {
      "version": "4.3.4",
      "resolved": "https://registry.npmjs.org/debug/-/debug-4.3.4.tgz",
      "integrity": "sha512-PRWFHuSU3eDtQJPvnNY7Jcket1j0t5OuOsFzPPzsekD52Zl8qUfFIPEiswXqIvHWGVHOgX+7G/vCNNhehwxfkQ==",
      "dev": true,
      "requires": {
        "ms": "2.1.2"
      }
    },
    "esbuild": {
      "version": "0.14.51",
      "resolved": "https://registry.npmjs.org/esbuild/-/esbuild-0.14.51.tgz",
      "integrity": "sha512-+CvnDitD7Q5sT7F+FM65sWkF8wJRf+j9fPcprxYV4j+ohmzVj2W7caUqH2s5kCaCJAfcAICjSlKhDCcvDpU7nw==",
      "requires": {
        "esbuild-android-64": "0.14.51",
        "esbuild-android-arm64": "0.14.51",
        "esbuild-darwin-64": "0.14.51",
        "esbuild-darwin-arm64": "0.14.51",
        "esbuild-freebsd-64": "0.14.51",
        "esbuild-freebsd-arm64": "0.14.51",
        "esbuild-linux-32": "0.14.51",
        "esbuild-linux-64": "0.14.51",
        "esbuild-linux-arm": "0.14.51",
        "esbuild-linux-arm64": "0.14.51",
        "esbuild-linux-mips64le": "0.14.51",
        "esbuild-linux-ppc64le": "0.14.51",
        "esbuild-linux-riscv64": "0.14.51",
        "esbuild-linux-s390x": "0.14.51",
        "esbuild-netbsd-64": "0.14.51",
        "esbuild-openbsd-64": "0.14.51",
        "esbuild-sunos-64": "0.14.51",
        "esbuild-windows-32": "0.14.51",
        "esbuild-windows-64": "0.14.51",
        "esbuild-windows-arm64": "0.14.51"
      }
    },
    "esbuild-android-64": {
      "version": "0.14.51",
      "resolved": "https://registry.npmjs.org/esbuild-android-64/-/esbuild-android-64-0.14.51.tgz",
      "integrity": "sha512-6FOuKTHnC86dtrKDmdSj2CkcKF8PnqkaIXqvgydqfJmqBazCPdw+relrMlhGjkvVdiiGV70rpdnyFmA65ekBCQ==",
      "optional": true
    },
    "esbuild-android-arm64": {
      "version": "0.14.51",
      "resolved": "https://registry.npmjs.org/esbuild-android-arm64/-/esbuild-android-arm64-0.14.51.tgz",
      "integrity": "sha512-vBtp//5VVkZWmYYvHsqBRCMMi1MzKuMIn5XDScmnykMTu9+TD9v0NMEDqQxvtFToeYmojdo5UCV2vzMQWJcJ4A==",
      "optional": true
    },
    "esbuild-darwin-64": {
      "version": "0.14.51",
      "resolved": "https://registry.npmjs.org/esbuild-darwin-64/-/esbuild-darwin-64-0.14.51.tgz",
      "integrity": "sha512-YFmXPIOvuagDcwCejMRtCDjgPfnDu+bNeh5FU2Ryi68ADDVlWEpbtpAbrtf/lvFTWPexbgyKgzppNgsmLPr8PA==",
      "optional": true
    },
    "esbuild-darwin-arm64": {
      "version": "0.14.51",
      "resolved": "https://registry.npmjs.org/esbuild-darwin-arm64/-/esbuild-darwin-arm64-0.14.51.tgz",
      "integrity": "sha512-juYD0QnSKwAMfzwKdIF6YbueXzS6N7y4GXPDeDkApz/1RzlT42mvX9jgNmyOlWKN7YzQAYbcUEJmZJYQGdf2ow==",
      "optional": true
    },
    "esbuild-freebsd-64": {
      "version": "0.14.51",
      "resolved": "https://registry.npmjs.org/esbuild-freebsd-64/-/esbuild-freebsd-64-0.14.51.tgz",
      "integrity": "sha512-cLEI/aXjb6vo5O2Y8rvVSQ7smgLldwYY5xMxqh/dQGfWO+R1NJOFsiax3IS4Ng300SVp7Gz3czxT6d6qf2cw0g==",
      "optional": true
    },
    "esbuild-freebsd-arm64": {
      "version": "0.14.51",
      "resolved": "https://registry.npmjs.org/esbuild-freebsd-arm64/-/esbuild-freebsd-arm64-0.14.51.tgz",
      "integrity": "sha512-TcWVw/rCL2F+jUgRkgLa3qltd5gzKjIMGhkVybkjk6PJadYInPtgtUBp1/hG+mxyigaT7ib+od1Xb84b+L+1Mg==",
      "optional": true
    },
    "esbuild-linux-32": {
      "version": "0.14.51",
      "resolved": "https://registry.npmjs.org/esbuild-linux-32/-/esbuild-linux-32-0.14.51.tgz",
      "integrity": "sha512-RFqpyC5ChyWrjx8Xj2K0EC1aN0A37H6OJfmUXIASEqJoHcntuV3j2Efr9RNmUhMfNE6yEj2VpYuDteZLGDMr0w==",
      "optional": true
    },
    "esbuild-linux-64": {
      "version": "0.14.51",
      "resolved": "https://registry.npmjs.org/esbuild-linux-64/-/esbuild-linux-64-0.14.51.tgz",
      "integrity": "sha512-dxjhrqo5i7Rq6DXwz5v+MEHVs9VNFItJmHBe1CxROWNf4miOGoQhqSG8StStbDkQ1Mtobg6ng+4fwByOhoQoeA==",
      "optional": true
    },
    "esbuild-linux-arm": {
      "version": "0.14.51",
      "resolved": "https://registry.npmjs.org/esbuild-linux-arm/-/esbuild-linux-arm-0.14.51.tgz",
      "integrity": "sha512-LsJynDxYF6Neg7ZC7748yweCDD+N8ByCv22/7IAZglIEniEkqdF4HCaa49JNDLw1UQGlYuhOB8ZT/MmcSWzcWg==",
      "optional": true
    },
    "esbuild-linux-arm64": {
      "version": "0.14.51",
      "resolved": "https://registry.npmjs.org/esbuild-linux-arm64/-/esbuild-linux-arm64-0.14.51.tgz",
      "integrity": "sha512-D9rFxGutoqQX3xJPxqd6o+kvYKeIbM0ifW2y0bgKk5HPgQQOo2k9/2Vpto3ybGYaFPCE5qTGtqQta9PoP6ZEzw==",
      "optional": true
    },
    "esbuild-linux-mips64le": {
      "version": "0.14.51",
      "resolved": "https://registry.npmjs.org/esbuild-linux-mips64le/-/esbuild-linux-mips64le-0.14.51.tgz",
      "integrity": "sha512-vS54wQjy4IinLSlb5EIlLoln8buh1yDgliP4CuEHumrPk4PvvP4kTRIG4SzMXm6t19N0rIfT4bNdAxzJLg2k6A==",
      "optional": true
    },
    "esbuild-linux-ppc64le": {
      "version": "0.14.51",
      "resolved": "https://registry.npmjs.org/esbuild-linux-ppc64le/-/esbuild-linux-ppc64le-0.14.51.tgz",
      "integrity": "sha512-xcdd62Y3VfGoyphNP/aIV9LP+RzFw5M5Z7ja+zdpQHHvokJM7d0rlDRMN+iSSwvUymQkqZO+G/xjb4/75du8BQ==",
      "optional": true
    },
    "esbuild-linux-riscv64": {
      "version": "0.14.51",
      "resolved": "https://registry.npmjs.org/esbuild-linux-riscv64/-/esbuild-linux-riscv64-0.14.51.tgz",
      "integrity": "sha512-syXHGak9wkAnFz0gMmRBoy44JV0rp4kVCEA36P5MCeZcxFq8+fllBC2t6sKI23w3qd8Vwo9pTADCgjTSf3L3rA==",
      "optional": true
    },
    "esbuild-linux-s390x": {
      "version": "0.14.51",
      "resolved": "https://registry.npmjs.org/esbuild-linux-s390x/-/esbuild-linux-s390x-0.14.51.tgz",
      "integrity": "sha512-kFAJY3dv+Wq8o28K/C7xkZk/X34rgTwhknSsElIqoEo8armCOjMJ6NsMxm48KaWY2h2RUYGtQmr+RGuUPKBhyw==",
      "optional": true
    },
    "esbuild-netbsd-64": {
      "version": "0.14.51",
      "resolved": "https://registry.npmjs.org/esbuild-netbsd-64/-/esbuild-netbsd-64-0.14.51.tgz",
      "integrity": "sha512-ZZBI7qrR1FevdPBVHz/1GSk1x5GDL/iy42Zy8+neEm/HA7ma+hH/bwPEjeHXKWUDvM36CZpSL/fn1/y9/Hb+1A==",
      "optional": true
    },
    "esbuild-openbsd-64": {
      "version": "0.14.51",
      "resolved": "https://registry.npmjs.org/esbuild-openbsd-64/-/esbuild-openbsd-64-0.14.51.tgz",
      "integrity": "sha512-7R1/p39M+LSVQVgDVlcY1KKm6kFKjERSX1lipMG51NPcspJD1tmiZSmmBXoY5jhHIu6JL1QkFDTx94gMYK6vfA==",
      "optional": true
    },
    "esbuild-sunos-64": {
      "version": "0.14.51",
      "resolved": "https://registry.npmjs.org/esbuild-sunos-64/-/esbuild-sunos-64-0.14.51.tgz",
      "integrity": "sha512-HoHaCswHxLEYN8eBTtyO0bFEWvA3Kdb++hSQ/lLG7TyKF69TeSG0RNoBRAs45x/oCeWaTDntEZlYwAfQlhEtJA==",
      "optional": true
    },
    "esbuild-windows-32": {
      "version": "0.14.51",
      "resolved": "https://registry.npmjs.org/esbuild-windows-32/-/esbuild-windows-32-0.14.51.tgz",
      "integrity": "sha512-4rtwSAM35A07CBt1/X8RWieDj3ZUHQqUOaEo5ZBs69rt5WAFjP4aqCIobdqOy4FdhYw1yF8Z0xFBTyc9lgPtEg==",
      "optional": true
    },
    "esbuild-windows-64": {
      "version": "0.14.51",
      "resolved": "https://registry.npmjs.org/esbuild-windows-64/-/esbuild-windows-64-0.14.51.tgz",
      "integrity": "sha512-HoN/5HGRXJpWODprGCgKbdMvrC3A2gqvzewu2eECRw2sYxOUoh2TV1tS+G7bHNapPGI79woQJGV6pFH7GH7qnA==",
      "optional": true
    },
    "esbuild-windows-arm64": {
      "version": "0.14.51",
      "resolved": "https://registry.npmjs.org/esbuild-windows-arm64/-/esbuild-windows-arm64-0.14.51.tgz",
      "integrity": "sha512-JQDqPjuOH7o+BsKMSddMfmVJXrnYZxXDHsoLHc0xgmAZkOOCflRmC43q31pk79F9xuyWY45jDBPolb5ZgGOf9g==",
      "optional": true
    },
    "estree-walker": {
      "version": "2.0.2",
      "resolved": "https://registry.npmjs.org/estree-walker/-/estree-walker-2.0.2.tgz",
      "integrity": "sha512-Rfkk/Mp/DL7JVje3u18FxFujQlTNR2q6QfMSMB7AvCBx91NGj/ba3kCfza0f6dVDbw7YlRf/nDrn7pQrCCyQ/w==",
      "dev": true
    },
    "fsevents": {
      "version": "2.3.2",
      "resolved": "https://registry.npmjs.org/fsevents/-/fsevents-2.3.2.tgz",
      "integrity": "sha512-xiqMQR4xAeHTuB9uWm+fFRcIOgKBMiOBP+eXiyT7jsgVCq1bkVygt00oASowB7EdtpOHaaPgKt812P9ab+DDKA==",
      "optional": true
    },
    "function-bind": {
      "version": "1.1.1",
      "resolved": "https://registry.npmjs.org/function-bind/-/function-bind-1.1.1.tgz",
      "integrity": "sha512-yIovAzMX49sF8Yl58fSCWJ5svSLuaibPxXQJFLmBObTuCr0Mf1KiPopGM9NiFjiYBCbfaa2Fh6breQ6ANVTI0A=="
    },
    "has": {
      "version": "1.0.3",
      "resolved": "https://registry.npmjs.org/has/-/has-1.0.3.tgz",
      "integrity": "sha512-f2dvO0VU6Oej7RkWJGrehjbzMAjFp5/VKPp5tTpWIV4JHHZK1/BxbFRtf/siA2SWTe09caDmVtYYzWEIbBS4zw==",
      "requires": {
        "function-bind": "^1.1.1"
      }
    },
    "is-core-module": {
      "version": "2.9.0",
      "resolved": "https://registry.npmjs.org/is-core-module/-/is-core-module-2.9.0.tgz",
      "integrity": "sha512-+5FPy5PnwmO3lvfMb0AsoPaBG+5KHUI0wYFXOtYPnVVVspTFUuMZNfNaNVRt3FZadstu2c8x23vykRW/NBoU6A==",
      "requires": {
        "has": "^1.0.3"
      }
    },
    "isexe": {
      "version": "2.0.0",
      "resolved": "https://registry.npmjs.org/isexe/-/isexe-2.0.0.tgz",
      "integrity": "sha512-RHxMLp9lnKHGHRng9QFhRCMbYAcVpn69smSGcq3f36xjgVVWThj4qqLbTLlq7Ssj8B+fIQ1EuCEGI2lKsyQeIw=="
    },
    "kolorist": {
      "version": "1.5.1",
      "resolved": "https://registry.npmjs.org/kolorist/-/kolorist-1.5.1.tgz",
      "integrity": "sha512-lxpCM3HTvquGxKGzHeknB/sUjuVoUElLlfYnXZT73K8geR9jQbroGlSCFBax9/0mpGoD3kzcMLnOlGQPJJNyqQ==",
      "dev": true
    },
    "mrmime": {
      "version": "1.0.1",
      "resolved": "https://registry.npmjs.org/mrmime/-/mrmime-1.0.1.tgz",
      "integrity": "sha512-hzzEagAgDyoU1Q6yg5uI+AorQgdvMCur3FcKf7NhMKWsaYg+RnbTyHRa/9IlLF9rf455MOCtcqqrQQ83pPP7Uw==",
      "dev": true
    },
    "ms": {
      "version": "2.1.2",
      "resolved": "https://registry.npmjs.org/ms/-/ms-2.1.2.tgz",
      "integrity": "sha512-sGkPx+VjMtmA6MX27oA4FBFELFCZZ4S4XqeGOXCv68tT+jb3vk/RyaKWP0PTKyWtmLSM0b+adUTEvbs1PEaH2w==",
      "dev": true
    },
    "nanoid": {
      "version": "3.3.4",
      "resolved": "https://registry.npmjs.org/nanoid/-/nanoid-3.3.4.tgz",
      "integrity": "sha512-MqBkQh/OHTS2egovRtLk45wEyNXwF+cokD+1YPf9u5VfJiRdAiRwB2froX5Co9Rh20xs4siNPm8naNotSD6RBw=="
    },
    "path-key": {
      "version": "3.1.1",
      "resolved": "https://registry.npmjs.org/path-key/-/path-key-3.1.1.tgz",
      "integrity": "sha512-ojmeN0qd+y0jszEtoY48r0Peq5dwMEkIlCOu6Q5f41lfkswXuKtYrhgoTpLnyIcHm24Uhqx+5Tqm2InSwLhE6Q=="
    },
    "path-parse": {
      "version": "1.0.7",
      "resolved": "https://registry.npmjs.org/path-parse/-/path-parse-1.0.7.tgz",
      "integrity": "sha512-LDJzPVEEEPR+y48z93A0Ed0yXb8pAByGWo/k5YYdYgpY2/2EsOsksJrq7lOHxryrVOn1ejG6oAp8ahvOIQD8sw=="
    },
    "picocolors": {
      "version": "1.0.0",
      "resolved": "https://registry.npmjs.org/picocolors/-/picocolors-1.0.0.tgz",
      "integrity": "sha512-1fygroTLlHu66zi26VoTDv8yRgm0Fccecssto+MhsZ0D/DGW2sm8E8AjW7NU5VVTRt5GxbeZ5qBuJr+HyLYkjQ=="
    },
    "picomatch": {
      "version": "2.3.1",
      "resolved": "https://registry.npmjs.org/picomatch/-/picomatch-2.3.1.tgz",
      "integrity": "sha512-JU3teHTNjmE2VCGFzuY8EXzCDVwEqB2a8fsIvwaStHhAWJEeVd1o1QD80CU6+ZdEXXSLbSsuLwJjkCBWqRQUVA==",
      "dev": true
    },
    "postcss": {
      "version": "8.4.14",
      "resolved": "https://registry.npmjs.org/postcss/-/postcss-8.4.14.tgz",
      "integrity": "sha512-E398TUmfAYFPBSdzgeieK2Y1+1cpdxJx8yXbK/m57nRhKSmk1GB2tO4lbLBtlkfPQTDKfe4Xqv1ASWPpayPEig==",
      "requires": {
        "nanoid": "^3.3.4",
        "picocolors": "^1.0.0",
        "source-map-js": "^1.0.2"
      }
    },
    "resolve": {
      "version": "1.22.1",
      "resolved": "https://registry.npmjs.org/resolve/-/resolve-1.22.1.tgz",
      "integrity": "sha512-nBpuuYuY5jFsli/JIs1oldw6fOQCBioohqWZg/2hiaOybXOft4lonv85uDOKXdf8rhyK159cxU5cDcK/NKk8zw==",
      "requires": {
        "is-core-module": "^2.9.0",
        "path-parse": "^1.0.7",
        "supports-preserve-symlinks-flag": "^1.0.0"
      }
    },
    "rollup": {
      "version": "2.77.2",
      "resolved": "https://registry.npmjs.org/rollup/-/rollup-2.77.2.tgz",
      "integrity": "sha512-m/4YzYgLcpMQbxX3NmAqDvwLATZzxt8bIegO78FZLl+lAgKJBd1DRAOeEiZcKOIOPjxE6ewHWHNgGEalFXuz1g==",
      "requires": {
        "fsevents": "~2.3.2"
      }
    },
    "shebang-command": {
      "version": "2.0.0",
      "resolved": "https://registry.npmjs.org/shebang-command/-/shebang-command-2.0.0.tgz",
      "integrity": "sha512-kHxr2zZpYtdmrN1qDjrrX/Z1rR1kG8Dx+gkpK1G4eXmvXswmcE1hTWBWYUzlraYw1/yZp6YuDY77YtvbN0dmDA==",
      "requires": {
        "shebang-regex": "^3.0.0"
      }
    },
    "shebang-regex": {
      "version": "3.0.0",
      "resolved": "https://registry.npmjs.org/shebang-regex/-/shebang-regex-3.0.0.tgz",
      "integrity": "sha512-7++dFhtcx3353uBaq8DDR4NuxBetBzC7ZQOhmTQInHEd6bSrXdiEyzCvG07Z44UYdLShWUyXt5M/yhz8ekcb1A=="
    },
    "sirv": {
      "version": "2.0.2",
      "resolved": "https://registry.npmjs.org/sirv/-/sirv-2.0.2.tgz",
      "integrity": "sha512-4Qog6aE29nIjAOKe/wowFTxOdmbEZKb+3tsLljaBRzJwtqto0BChD2zzH0LhgCSXiI+V7X+Y45v14wBZQ1TK3w==",
      "dev": true,
      "requires": {
        "@polka/url": "^1.0.0-next.20",
        "mrmime": "^1.0.0",
        "totalist": "^3.0.0"
      }
    },
    "source-map-js": {
      "version": "1.0.2",
      "resolved": "https://registry.npmjs.org/source-map-js/-/source-map-js-1.0.2.tgz",
      "integrity": "sha512-R0XvVJ9WusLiqTCEiGCmICCMplcCkIwwR11mOSD9CR5u+IXYdiseeEuXCVAjS54zqwkLcPNnmU4OeJ6tUrWhDw=="
    },
    "supports-preserve-symlinks-flag": {
      "version": "1.0.0",
      "resolved": "https://registry.npmjs.org/supports-preserve-symlinks-flag/-/supports-preserve-symlinks-flag-1.0.0.tgz",
      "integrity": "sha512-ot0WnXS9fgdkgIcePe6RHNk1WA8+muPa6cSjeR3V8K27q9BB1rTE3R1p7Hv0z1ZyAc8s6Vvv8DIyWf681MAt0w=="
    },
    "totalist": {
      "version": "3.0.0",
      "resolved": "https://registry.npmjs.org/totalist/-/totalist-3.0.0.tgz",
      "integrity": "sha512-eM+pCBxXO/njtF7vdFsHuqb+ElbxqtI4r5EAvk6grfAFyJ6IvWlSkfZ5T9ozC6xWw3Fj1fGoSmrl0gUs46JVIw==",
      "dev": true
    },
    "ufo": {
      "version": "0.8.5",
      "resolved": "https://registry.npmjs.org/ufo/-/ufo-0.8.5.tgz",
      "integrity": "sha512-e4+UtA5IRO+ha6hYklwj6r7BjiGMxS0O+UaSg9HbaTefg4kMkzj4tXzEBajRR+wkxf+golgAWKzLbytCUDMJAA==",
      "dev": true
    },
    "vite": {
      "version": "3.0.4",
      "resolved": "https://registry.npmjs.org/vite/-/vite-3.0.4.tgz",
      "integrity": "sha512-NU304nqnBeOx2MkQnskBQxVsa0pRAH5FphokTGmyy8M3oxbvw7qAXts2GORxs+h/2vKsD+osMhZ7An6yK6F1dA==",
      "requires": {
        "esbuild": "^0.14.47",
        "fsevents": "~2.3.2",
        "postcss": "^8.4.14",
        "resolve": "^1.22.1",
        "rollup": "^2.75.6"
      }
    },
    "vite-plugin-inspect": {
      "version": "0.6.0",
      "resolved": "https://registry.npmjs.org/vite-plugin-inspect/-/vite-plugin-inspect-0.6.0.tgz",
      "integrity": "sha512-p2Ti5z+AscXx7JAW1nkU4bgiyKWW3O6D9UbaOEk+yz0v6R2E452OSukYhbs1zhqRnHL0W6ZsmG/lwz8aSQpSjg==",
      "dev": true,
      "requires": {
        "@rollup/pluginutils": "^4.2.1",
        "debug": "^4.3.4",
        "kolorist": "^1.5.1",
        "sirv": "^2.0.2",
        "ufo": "^0.8.5"
      }
    },
    "which": {
      "version": "2.0.2",
      "resolved": "https://registry.npmjs.org/which/-/which-2.0.2.tgz",
      "integrity": "sha512-BLI3Tl1TW3Pvl70l3yq3Y64i+awpwXqsGBYWkkqMtnbXgrMD+yj7rhW0kuEDxzJaYXGjEW5ogapKNMEKNMjibA==",
      "requires": {
        "isexe": "^2.0.0"
      }
    }
  }
}
